// !$*UTF8*$!
{
	archiveVersion = 1;
	classes = {
	};
	objectVersion = 46;
	objects = {

/* Begin PBXBuildFile section */
		4F0911761DBBFA4000D252BF /* Multipass.xcassets in Resources */ = {isa = PBXBuildFile; fileRef = 4F0911751DBBFA4000D252BF /* Multipass.xcassets */; };
		4F0911781DBBFA7400D252BF /* Quad.xcassets in Resources */ = {isa = PBXBuildFile; fileRef = 4F0911771DBBFA7400D252BF /* Quad.xcassets */; };
		4F0911791DBBFAB900D252BF /* Textures.xcassets in Resources */ = {isa = PBXBuildFile; fileRef = 4F7ABE1A1DA83A9F0054AFA9 /* Textures.xcassets */; };
		4F09117A1DBBFB1400D252BF /* Textures.xcassets in Resources */ = {isa = PBXBuildFile; fileRef = 4F7ABE1A1DA83A9F0054AFA9 /* Textures.xcassets */; };
		4F0C7E5A1DBE8431005F42C3 /* MeshModel.swift in Sources */ = {isa = PBXBuildFile; fileRef = 4F0C7E591DBE8431005F42C3 /* MeshModel.swift */; };
		4F0C7E5B1DBE8518005F42C3 /* MeshModel.swift in Sources */ = {isa = PBXBuildFile; fileRef = 4F0C7E591DBE8431005F42C3 /* MeshModel.swift */; };
		4F2353881DBAB5F10095DF5F /* RendererExtensions.swift in Sources */ = {isa = PBXBuildFile; fileRef = 4F2353871DBAB5F10095DF5F /* RendererExtensions.swift */; };
		4F2353891DBAE30B0095DF5F /* RendererExtensions.swift in Sources */ = {isa = PBXBuildFile; fileRef = 4F2353871DBAB5F10095DF5F /* RendererExtensions.swift */; };
		4F2F1F531DBA538300B80FE4 /* Main.storyboard in Resources */ = {isa = PBXBuildFile; fileRef = 4F2F1F511DBA538300B80FE4 /* Main.storyboard */; };
		4F2F1F581DBA538300B80FE4 /* LaunchScreen.storyboard in Resources */ = {isa = PBXBuildFile; fileRef = 4F2F1F561DBA538300B80FE4 /* LaunchScreen.storyboard */; };
		4F2F1F631DBA538300B80FE4 /* HelloQuadTests.swift in Sources */ = {isa = PBXBuildFile; fileRef = 4F2F1F621DBA538300B80FE4 /* HelloQuadTests.swift */; };
		4F2F1F6E1DBA538300B80FE4 /* HelloQuadUITests.swift in Sources */ = {isa = PBXBuildFile; fileRef = 4F2F1F6D1DBA538300B80FE4 /* HelloQuadUITests.swift */; };
		4F2F1F7B1DBA55B400B80FE4 /* HelloQuadMetalView.swift in Sources */ = {isa = PBXBuildFile; fileRef = 4F2F1F791DBA55B400B80FE4 /* HelloQuadMetalView.swift */; };
		4F2F1F7C1DBA55B400B80FE4 /* HelloQuadRenderer.swift in Sources */ = {isa = PBXBuildFile; fileRef = 4F2F1F7A1DBA55B400B80FE4 /* HelloQuadRenderer.swift */; };
		4F2F1F891DBA585E00B80FE4 /* AppDelegate.swift in Sources */ = {isa = PBXBuildFile; fileRef = 4F2F1F871DBA583A00B80FE4 /* AppDelegate.swift */; };
		4F2F1F8A1DBA587000B80FE4 /* AppDelegate.swift in Sources */ = {isa = PBXBuildFile; fileRef = 4F7ABE131DA83A9F0054AFA9 /* AppDelegate.swift */; };
		4F2F1F941DBA599900B80FE4 /* EIArcball.swift in Sources */ = {isa = PBXBuildFile; fileRef = 4F2F1F8B1DBA599900B80FE4 /* EIArcball.swift */; };
		4F2F1F951DBA599900B80FE4 /* EICamera.swift in Sources */ = {isa = PBXBuildFile; fileRef = 4F2F1F8C1DBA599900B80FE4 /* EICamera.swift */; };
		4F2F1F961DBA599900B80FE4 /* finalPass.metal in Sources */ = {isa = PBXBuildFile; fileRef = 4F2F1F8D1DBA599900B80FE4 /* finalPass.metal */; };
		4F2F1F971DBA599900B80FE4 /* hello.metal in Sources */ = {isa = PBXBuildFile; fileRef = 4F2F1F8E1DBA599900B80FE4 /* hello.metal */; };
		4F2F1F981DBA599900B80FE4 /* Math.swift in Sources */ = {isa = PBXBuildFile; fileRef = 4F2F1F8F1DBA599900B80FE4 /* Math.swift */; };
		4F2F1F991DBA599900B80FE4 /* MetallicModel.swift in Sources */ = {isa = PBXBuildFile; fileRef = 4F2F1F901DBA599900B80FE4 /* MetallicModel.swift */; };
		4F2F1F9A1DBA599900B80FE4 /* MetallicTransform.swift in Sources */ = {isa = PBXBuildFile; fileRef = 4F2F1F911DBA599900B80FE4 /* MetallicTransform.swift */; };
		4F2F1F9B1DBA599900B80FE4 /* showST.metal in Sources */ = {isa = PBXBuildFile; fileRef = 4F2F1F921DBA599900B80FE4 /* showST.metal */; };
		4F2F1F9C1DBA599900B80FE4 /* texture.metal in Sources */ = {isa = PBXBuildFile; fileRef = 4F2F1F931DBA599900B80FE4 /* texture.metal */; };
		4F2F1F9D1DBA59C500B80FE4 /* EIArcball.swift in Sources */ = {isa = PBXBuildFile; fileRef = 4F2F1F8B1DBA599900B80FE4 /* EIArcball.swift */; };
		4F2F1F9E1DBA59C500B80FE4 /* EICamera.swift in Sources */ = {isa = PBXBuildFile; fileRef = 4F2F1F8C1DBA599900B80FE4 /* EICamera.swift */; };
		4F2F1F9F1DBA59C500B80FE4 /* finalPass.metal in Sources */ = {isa = PBXBuildFile; fileRef = 4F2F1F8D1DBA599900B80FE4 /* finalPass.metal */; };
		4F2F1FA01DBA59C500B80FE4 /* hello.metal in Sources */ = {isa = PBXBuildFile; fileRef = 4F2F1F8E1DBA599900B80FE4 /* hello.metal */; };
		4F2F1FA11DBA59C500B80FE4 /* Math.swift in Sources */ = {isa = PBXBuildFile; fileRef = 4F2F1F8F1DBA599900B80FE4 /* Math.swift */; };
		4F2F1FA21DBA59C500B80FE4 /* MetallicModel.swift in Sources */ = {isa = PBXBuildFile; fileRef = 4F2F1F901DBA599900B80FE4 /* MetallicModel.swift */; };
		4F2F1FA31DBA59C500B80FE4 /* MetallicTransform.swift in Sources */ = {isa = PBXBuildFile; fileRef = 4F2F1F911DBA599900B80FE4 /* MetallicTransform.swift */; };
		4F2F1FA41DBA59C500B80FE4 /* showST.metal in Sources */ = {isa = PBXBuildFile; fileRef = 4F2F1F921DBA599900B80FE4 /* showST.metal */; };
		4F2F1FA51DBA59C500B80FE4 /* texture.metal in Sources */ = {isa = PBXBuildFile; fileRef = 4F2F1F931DBA599900B80FE4 /* texture.metal */; };
		4F2F1FA81DBA5B1500B80FE4 /* Textures.xcassets in Resources */ = {isa = PBXBuildFile; fileRef = 4F7ABE1A1DA83A9F0054AFA9 /* Textures.xcassets */; };
		4F56AF891DBAF08E00E396E7 /* AppDelegate.swift in Sources */ = {isa = PBXBuildFile; fileRef = 4F56AF881DBAF08E00E396E7 /* AppDelegate.swift */; };
		4F56AF8E1DBAF08E00E396E7 /* Main.storyboard in Resources */ = {isa = PBXBuildFile; fileRef = 4F56AF8C1DBAF08E00E396E7 /* Main.storyboard */; };
		4F56AF901DBAF08E00E396E7 /* Model_IO.xcassets in Resources */ = {isa = PBXBuildFile; fileRef = 4F56AF8F1DBAF08E00E396E7 /* Model_IO.xcassets */; };
		4F56AF931DBAF08E00E396E7 /* LaunchScreen.storyboard in Resources */ = {isa = PBXBuildFile; fileRef = 4F56AF911DBAF08E00E396E7 /* LaunchScreen.storyboard */; };
		4F56AF9E1DBAF08E00E396E7 /* HelloModel_IOTests.swift in Sources */ = {isa = PBXBuildFile; fileRef = 4F56AF9D1DBAF08E00E396E7 /* HelloModel_IOTests.swift */; };
		4F56AFA91DBAF08E00E396E7 /* HelloModel_IOUITests.swift in Sources */ = {isa = PBXBuildFile; fileRef = 4F56AFA81DBAF08E00E396E7 /* HelloModel_IOUITests.swift */; };
		4F7ABE191DA83A9F0054AFA9 /* Main.storyboard in Resources */ = {isa = PBXBuildFile; fileRef = 4F7ABE171DA83A9F0054AFA9 /* Main.storyboard */; };
		4F7ABE1E1DA83A9F0054AFA9 /* LaunchScreen.storyboard in Resources */ = {isa = PBXBuildFile; fileRef = 4F7ABE1C1DA83A9F0054AFA9 /* LaunchScreen.storyboard */; };
		4F7ABE291DA83A9F0054AFA9 /* HelloMetalTests.swift in Sources */ = {isa = PBXBuildFile; fileRef = 4F7ABE281DA83A9F0054AFA9 /* HelloMetalTests.swift */; };
		4F7ABE341DA83A9F0054AFA9 /* HelloMetalUITests.swift in Sources */ = {isa = PBXBuildFile; fileRef = 4F7ABE331DA83A9F0054AFA9 /* HelloMetalUITests.swift */; };
		4F7ABE4F1DA83C100054AFA9 /* MultipassMetalView.swift in Sources */ = {isa = PBXBuildFile; fileRef = 4F7ABE471DA83C100054AFA9 /* MultipassMetalView.swift */; };
		4F7ABE501DA83C100054AFA9 /* MultiPassRenderer.swift in Sources */ = {isa = PBXBuildFile; fileRef = 4F7ABE481DA83C100054AFA9 /* MultiPassRenderer.swift */; };
		4FBF51CD1DC02B6200444668 /* model_io.metal in Sources */ = {isa = PBXBuildFile; fileRef = 4FBF51CC1DC02B6200444668 /* model_io.metal */; };
		4FBF51CE1DC02B9300444668 /* model_io.metal in Sources */ = {isa = PBXBuildFile; fileRef = 4FBF51CC1DC02B6200444668 /* model_io.metal */; };
		4FDB16761DBD658C0025465A /* HelloModel_IOMetalView.swift in Sources */ = {isa = PBXBuildFile; fileRef = 4FDB16741DBD658C0025465A /* HelloModel_IOMetalView.swift */; };
		4FDB16771DBD658C0025465A /* HelloModel_IORenderer.swift in Sources */ = {isa = PBXBuildFile; fileRef = 4FDB16751DBD658C0025465A /* HelloModel_IORenderer.swift */; };
		4FDB16781DBD66BA0025465A /* RendererExtensions.swift in Sources */ = {isa = PBXBuildFile; fileRef = 4F2353871DBAB5F10095DF5F /* RendererExtensions.swift */; };
		4FDB16791DBD66BA0025465A /* EIArcball.swift in Sources */ = {isa = PBXBuildFile; fileRef = 4F2F1F8B1DBA599900B80FE4 /* EIArcball.swift */; };
		4FDB167A1DBD66BA0025465A /* EICamera.swift in Sources */ = {isa = PBXBuildFile; fileRef = 4F2F1F8C1DBA599900B80FE4 /* EICamera.swift */; };
		4FDB167B1DBD66BA0025465A /* Math.swift in Sources */ = {isa = PBXBuildFile; fileRef = 4F2F1F8F1DBA599900B80FE4 /* Math.swift */; };
		4FDB167C1DBD66BA0025465A /* MetallicModel.swift in Sources */ = {isa = PBXBuildFile; fileRef = 4F2F1F901DBA599900B80FE4 /* MetallicModel.swift */; };
		4FDB167D1DBD66BA0025465A /* MetallicTransform.swift in Sources */ = {isa = PBXBuildFile; fileRef = 4F2F1F911DBA599900B80FE4 /* MetallicTransform.swift */; };
		4FDB167E1DBD66BA0025465A /* finalPass.metal in Sources */ = {isa = PBXBuildFile; fileRef = 4F2F1F8D1DBA599900B80FE4 /* finalPass.metal */; };
		4FDB167F1DBD66BA0025465A /* hello.metal in Sources */ = {isa = PBXBuildFile; fileRef = 4F2F1F8E1DBA599900B80FE4 /* hello.metal */; };
		4FDB16801DBD66BA0025465A /* showST.metal in Sources */ = {isa = PBXBuildFile; fileRef = 4F2F1F921DBA599900B80FE4 /* showST.metal */; };
		4FDB16811DBD66BA0025465A /* texture.metal in Sources */ = {isa = PBXBuildFile; fileRef = 4F2F1F931DBA599900B80FE4 /* texture.metal */; };
/* End PBXBuildFile section */

/* Begin PBXContainerItemProxy section */
		4F2F1F5F1DBA538300B80FE4 /* PBXContainerItemProxy */ = {
			isa = PBXContainerItemProxy;
			containerPortal = 4F7ABE081DA83A9F0054AFA9 /* Project object */;
			proxyType = 1;
			remoteGlobalIDString = 4F2F1F4A1DBA538200B80FE4;
			remoteInfo = HelloQuad;
		};
		4F2F1F6A1DBA538300B80FE4 /* PBXContainerItemProxy */ = {
			isa = PBXContainerItemProxy;
			containerPortal = 4F7ABE081DA83A9F0054AFA9 /* Project object */;
			proxyType = 1;
			remoteGlobalIDString = 4F2F1F4A1DBA538200B80FE4;
			remoteInfo = HelloQuad;
		};
		4F56AF9A1DBAF08E00E396E7 /* PBXContainerItemProxy */ = {
			isa = PBXContainerItemProxy;
			containerPortal = 4F7ABE081DA83A9F0054AFA9 /* Project object */;
			proxyType = 1;
			remoteGlobalIDString = 4F56AF851DBAF08E00E396E7;
			remoteInfo = HelloModel_IO;
		};
		4F56AFA51DBAF08E00E396E7 /* PBXContainerItemProxy */ = {
			isa = PBXContainerItemProxy;
			containerPortal = 4F7ABE081DA83A9F0054AFA9 /* Project object */;
			proxyType = 1;
			remoteGlobalIDString = 4F56AF851DBAF08E00E396E7;
			remoteInfo = HelloModel_IO;
		};
		4F7ABE251DA83A9F0054AFA9 /* PBXContainerItemProxy */ = {
			isa = PBXContainerItemProxy;
			containerPortal = 4F7ABE081DA83A9F0054AFA9 /* Project object */;
			proxyType = 1;
			remoteGlobalIDString = 4F7ABE0F1DA83A9F0054AFA9;
			remoteInfo = HelloMetal;
		};
		4F7ABE301DA83A9F0054AFA9 /* PBXContainerItemProxy */ = {
			isa = PBXContainerItemProxy;
			containerPortal = 4F7ABE081DA83A9F0054AFA9 /* Project object */;
			proxyType = 1;
			remoteGlobalIDString = 4F7ABE0F1DA83A9F0054AFA9;
			remoteInfo = HelloMetal;
		};
/* End PBXContainerItemProxy section */

/* Begin PBXFileReference section */
		4F0911751DBBFA4000D252BF /* Multipass.xcassets */ = {isa = PBXFileReference; lastKnownFileType = folder.assetcatalog; path = Multipass.xcassets; sourceTree = "<group>"; };
		4F0911771DBBFA7400D252BF /* Quad.xcassets */ = {isa = PBXFileReference; lastKnownFileType = folder.assetcatalog; name = Quad.xcassets; path = helloQuad/Quad.xcassets; sourceTree = SOURCE_ROOT; };
		4F0C7E591DBE8431005F42C3 /* MeshModel.swift */ = {isa = PBXFileReference; fileEncoding = 4; lastKnownFileType = sourcecode.swift; name = MeshModel.swift; path = Shared/MeshModel.swift; sourceTree = "<group>"; };
		4F2353871DBAB5F10095DF5F /* RendererExtensions.swift */ = {isa = PBXFileReference; fileEncoding = 4; lastKnownFileType = sourcecode.swift; path = RendererExtensions.swift; sourceTree = "<group>"; };
		4F2F1F111DBA50FA00B80FE4 /* Metal.framework */ = {isa = PBXFileReference; lastKnownFileType = wrapper.framework; name = Metal.framework; path = System/Library/Frameworks/Metal.framework; sourceTree = SDKROOT; };
		4F2F1F131DBA50FA00B80FE4 /* MetalKit.framework */ = {isa = PBXFileReference; lastKnownFileType = wrapper.framework; name = MetalKit.framework; path = System/Library/Frameworks/MetalKit.framework; sourceTree = SDKROOT; };
		4F2F1F151DBA50FA00B80FE4 /* ModelIO.framework */ = {isa = PBXFileReference; lastKnownFileType = wrapper.framework; name = ModelIO.framework; path = System/Library/Frameworks/ModelIO.framework; sourceTree = SDKROOT; };
		4F2F1F4B1DBA538200B80FE4 /* HelloQuad.app */ = {isa = PBXFileReference; explicitFileType = wrapper.application; includeInIndex = 0; path = HelloQuad.app; sourceTree = BUILT_PRODUCTS_DIR; };
		4F2F1F521DBA538300B80FE4 /* Base */ = {isa = PBXFileReference; lastKnownFileType = file.storyboard; name = Base; path = Base.lproj/Main.storyboard; sourceTree = "<group>"; };
		4F2F1F571DBA538300B80FE4 /* Base */ = {isa = PBXFileReference; lastKnownFileType = file.storyboard; name = Base; path = Base.lproj/LaunchScreen.storyboard; sourceTree = "<group>"; };
		4F2F1F591DBA538300B80FE4 /* Info.plist */ = {isa = PBXFileReference; lastKnownFileType = text.plist.xml; path = Info.plist; sourceTree = "<group>"; };
		4F2F1F5E1DBA538300B80FE4 /* HelloQuadTests.xctest */ = {isa = PBXFileReference; explicitFileType = wrapper.cfbundle; includeInIndex = 0; path = HelloQuadTests.xctest; sourceTree = BUILT_PRODUCTS_DIR; };
		4F2F1F621DBA538300B80FE4 /* HelloQuadTests.swift */ = {isa = PBXFileReference; lastKnownFileType = sourcecode.swift; path = HelloQuadTests.swift; sourceTree = "<group>"; };
		4F2F1F641DBA538300B80FE4 /* Info.plist */ = {isa = PBXFileReference; lastKnownFileType = text.plist.xml; path = Info.plist; sourceTree = "<group>"; };
		4F2F1F691DBA538300B80FE4 /* HelloQuadUITests.xctest */ = {isa = PBXFileReference; explicitFileType = wrapper.cfbundle; includeInIndex = 0; path = HelloQuadUITests.xctest; sourceTree = BUILT_PRODUCTS_DIR; };
		4F2F1F6D1DBA538300B80FE4 /* HelloQuadUITests.swift */ = {isa = PBXFileReference; lastKnownFileType = sourcecode.swift; path = HelloQuadUITests.swift; sourceTree = "<group>"; };
		4F2F1F6F1DBA538300B80FE4 /* Info.plist */ = {isa = PBXFileReference; lastKnownFileType = text.plist.xml; path = Info.plist; sourceTree = "<group>"; };
		4F2F1F791DBA55B400B80FE4 /* HelloQuadMetalView.swift */ = {isa = PBXFileReference; fileEncoding = 4; lastKnownFileType = sourcecode.swift; name = HelloQuadMetalView.swift; path = helloQuad/HelloQuadMetalView.swift; sourceTree = SOURCE_ROOT; };
		4F2F1F7A1DBA55B400B80FE4 /* HelloQuadRenderer.swift */ = {isa = PBXFileReference; fileEncoding = 4; lastKnownFileType = sourcecode.swift; name = HelloQuadRenderer.swift; path = helloQuad/HelloQuadRenderer.swift; sourceTree = SOURCE_ROOT; };
		4F2F1F871DBA583A00B80FE4 /* AppDelegate.swift */ = {isa = PBXFileReference; fileEncoding = 4; lastKnownFileType = sourcecode.swift; name = AppDelegate.swift; path = helloQuad/AppDelegate.swift; sourceTree = SOURCE_ROOT; };
		4F2F1F8B1DBA599900B80FE4 /* EIArcball.swift */ = {isa = PBXFileReference; fileEncoding = 4; lastKnownFileType = sourcecode.swift; name = EIArcball.swift; path = Shared/EIArcball.swift; sourceTree = "<group>"; };
		4F2F1F8C1DBA599900B80FE4 /* EICamera.swift */ = {isa = PBXFileReference; fileEncoding = 4; lastKnownFileType = sourcecode.swift; name = EICamera.swift; path = Shared/EICamera.swift; sourceTree = "<group>"; };
		4F2F1F8D1DBA599900B80FE4 /* finalPass.metal */ = {isa = PBXFileReference; fileEncoding = 4; lastKnownFileType = sourcecode.metal; name = finalPass.metal; path = Shared/finalPass.metal; sourceTree = "<group>"; };
		4F2F1F8E1DBA599900B80FE4 /* hello.metal */ = {isa = PBXFileReference; fileEncoding = 4; lastKnownFileType = sourcecode.metal; name = hello.metal; path = Shared/hello.metal; sourceTree = "<group>"; };
		4F2F1F8F1DBA599900B80FE4 /* Math.swift */ = {isa = PBXFileReference; fileEncoding = 4; lastKnownFileType = sourcecode.swift; name = Math.swift; path = Shared/Math.swift; sourceTree = "<group>"; };
		4F2F1F901DBA599900B80FE4 /* MetallicModel.swift */ = {isa = PBXFileReference; fileEncoding = 4; lastKnownFileType = sourcecode.swift; name = MetallicModel.swift; path = Shared/MetallicModel.swift; sourceTree = "<group>"; };
		4F2F1F911DBA599900B80FE4 /* MetallicTransform.swift */ = {isa = PBXFileReference; fileEncoding = 4; lastKnownFileType = sourcecode.swift; name = MetallicTransform.swift; path = Shared/MetallicTransform.swift; sourceTree = "<group>"; };
		4F2F1F921DBA599900B80FE4 /* showST.metal */ = {isa = PBXFileReference; fileEncoding = 4; lastKnownFileType = sourcecode.metal; name = showST.metal; path = Shared/showST.metal; sourceTree = "<group>"; };
		4F2F1F931DBA599900B80FE4 /* texture.metal */ = {isa = PBXFileReference; fileEncoding = 4; lastKnownFileType = sourcecode.metal; name = texture.metal; path = Shared/texture.metal; sourceTree = "<group>"; };
		4F56AF861DBAF08E00E396E7 /* HelloModel_IO.app */ = {isa = PBXFileReference; explicitFileType = wrapper.application; includeInIndex = 0; path = HelloModel_IO.app; sourceTree = BUILT_PRODUCTS_DIR; };
		4F56AF881DBAF08E00E396E7 /* AppDelegate.swift */ = {isa = PBXFileReference; lastKnownFileType = sourcecode.swift; path = AppDelegate.swift; sourceTree = "<group>"; };
		4F56AF8D1DBAF08E00E396E7 /* Base */ = {isa = PBXFileReference; lastKnownFileType = file.storyboard; name = Base; path = Base.lproj/Main.storyboard; sourceTree = "<group>"; };
		4F56AF8F1DBAF08E00E396E7 /* Model_IO.xcassets */ = {isa = PBXFileReference; lastKnownFileType = folder.assetcatalog; path = Model_IO.xcassets; sourceTree = "<group>"; };
		4F56AF921DBAF08E00E396E7 /* Base */ = {isa = PBXFileReference; lastKnownFileType = file.storyboard; name = Base; path = Base.lproj/LaunchScreen.storyboard; sourceTree = "<group>"; };
		4F56AF941DBAF08E00E396E7 /* Info.plist */ = {isa = PBXFileReference; lastKnownFileType = text.plist.xml; path = Info.plist; sourceTree = "<group>"; };
		4F56AF991DBAF08E00E396E7 /* HelloModel_IOTests.xctest */ = {isa = PBXFileReference; explicitFileType = wrapper.cfbundle; includeInIndex = 0; path = HelloModel_IOTests.xctest; sourceTree = BUILT_PRODUCTS_DIR; };
		4F56AF9D1DBAF08E00E396E7 /* HelloModel_IOTests.swift */ = {isa = PBXFileReference; lastKnownFileType = sourcecode.swift; path = HelloModel_IOTests.swift; sourceTree = "<group>"; };
		4F56AF9F1DBAF08E00E396E7 /* Info.plist */ = {isa = PBXFileReference; lastKnownFileType = text.plist.xml; path = Info.plist; sourceTree = "<group>"; };
		4F56AFA41DBAF08E00E396E7 /* HelloModel_IOUITests.xctest */ = {isa = PBXFileReference; explicitFileType = wrapper.cfbundle; includeInIndex = 0; path = HelloModel_IOUITests.xctest; sourceTree = BUILT_PRODUCTS_DIR; };
		4F56AFA81DBAF08E00E396E7 /* HelloModel_IOUITests.swift */ = {isa = PBXFileReference; lastKnownFileType = sourcecode.swift; path = HelloModel_IOUITests.swift; sourceTree = "<group>"; };
		4F56AFAA1DBAF08E00E396E7 /* Info.plist */ = {isa = PBXFileReference; lastKnownFileType = text.plist.xml; path = Info.plist; sourceTree = "<group>"; };
		4F7ABE101DA83A9F0054AFA9 /* HelloMultiPass.app */ = {isa = PBXFileReference; explicitFileType = wrapper.application; includeInIndex = 0; path = HelloMultiPass.app; sourceTree = BUILT_PRODUCTS_DIR; };
		4F7ABE131DA83A9F0054AFA9 /* AppDelegate.swift */ = {isa = PBXFileReference; lastKnownFileType = sourcecode.swift; path = AppDelegate.swift; sourceTree = "<group>"; };
		4F7ABE181DA83A9F0054AFA9 /* Base */ = {isa = PBXFileReference; lastKnownFileType = file.storyboard; name = Base; path = Base.lproj/Main.storyboard; sourceTree = "<group>"; };
		4F7ABE1A1DA83A9F0054AFA9 /* Textures.xcassets */ = {isa = PBXFileReference; lastKnownFileType = folder.assetcatalog; name = Textures.xcassets; path = HelloMetal/Textures.xcassets; sourceTree = "<group>"; };
		4F7ABE1D1DA83A9F0054AFA9 /* Base */ = {isa = PBXFileReference; lastKnownFileType = file.storyboard; name = Base; path = Base.lproj/LaunchScreen.storyboard; sourceTree = "<group>"; };
		4F7ABE1F1DA83A9F0054AFA9 /* Info.plist */ = {isa = PBXFileReference; lastKnownFileType = text.plist.xml; path = Info.plist; sourceTree = "<group>"; };
		4F7ABE241DA83A9F0054AFA9 /* HelloMetalTests.xctest */ = {isa = PBXFileReference; explicitFileType = wrapper.cfbundle; includeInIndex = 0; path = HelloMetalTests.xctest; sourceTree = BUILT_PRODUCTS_DIR; };
		4F7ABE281DA83A9F0054AFA9 /* HelloMetalTests.swift */ = {isa = PBXFileReference; lastKnownFileType = sourcecode.swift; path = HelloMetalTests.swift; sourceTree = "<group>"; };
		4F7ABE2A1DA83A9F0054AFA9 /* Info.plist */ = {isa = PBXFileReference; lastKnownFileType = text.plist.xml; path = Info.plist; sourceTree = "<group>"; };
		4F7ABE2F1DA83A9F0054AFA9 /* HelloMetalUITests.xctest */ = {isa = PBXFileReference; explicitFileType = wrapper.cfbundle; includeInIndex = 0; path = HelloMetalUITests.xctest; sourceTree = BUILT_PRODUCTS_DIR; };
		4F7ABE331DA83A9F0054AFA9 /* HelloMetalUITests.swift */ = {isa = PBXFileReference; lastKnownFileType = sourcecode.swift; path = HelloMetalUITests.swift; sourceTree = "<group>"; };
		4F7ABE351DA83A9F0054AFA9 /* Info.plist */ = {isa = PBXFileReference; lastKnownFileType = text.plist.xml; path = Info.plist; sourceTree = "<group>"; };
		4F7ABE471DA83C100054AFA9 /* MultipassMetalView.swift */ = {isa = PBXFileReference; fileEncoding = 4; lastKnownFileType = sourcecode.swift; path = MultipassMetalView.swift; sourceTree = "<group>"; };
		4F7ABE481DA83C100054AFA9 /* MultiPassRenderer.swift */ = {isa = PBXFileReference; fileEncoding = 4; lastKnownFileType = sourcecode.swift; path = MultiPassRenderer.swift; sourceTree = "<group>"; };
		4FBF51CC1DC02B6200444668 /* model_io.metal */ = {isa = PBXFileReference; fileEncoding = 4; lastKnownFileType = sourcecode.metal; name = model_io.metal; path = Shared/model_io.metal; sourceTree = "<group>"; };
		4FDB16741DBD658C0025465A /* HelloModel_IOMetalView.swift */ = {isa = PBXFileReference; fileEncoding = 4; lastKnownFileType = sourcecode.swift; path = HelloModel_IOMetalView.swift; sourceTree = "<group>"; };
		4FDB16751DBD658C0025465A /* HelloModel_IORenderer.swift */ = {isa = PBXFileReference; fileEncoding = 4; lastKnownFileType = sourcecode.swift; path = HelloModel_IORenderer.swift; sourceTree = "<group>"; };
/* End PBXFileReference section */

/* Begin PBXFrameworksBuildPhase section */
		4F2F1F481DBA538200B80FE4 /* Frameworks */ = {
			isa = PBXFrameworksBuildPhase;
			buildActionMask = 2147483647;
			files = (
			);
			runOnlyForDeploymentPostprocessing = 0;
		};
		4F2F1F5B1DBA538300B80FE4 /* Frameworks */ = {
			isa = PBXFrameworksBuildPhase;
			buildActionMask = 2147483647;
			files = (
			);
			runOnlyForDeploymentPostprocessing = 0;
		};
		4F2F1F661DBA538300B80FE4 /* Frameworks */ = {
			isa = PBXFrameworksBuildPhase;
			buildActionMask = 2147483647;
			files = (
			);
			runOnlyForDeploymentPostprocessing = 0;
		};
		4F56AF831DBAF08E00E396E7 /* Frameworks */ = {
			isa = PBXFrameworksBuildPhase;
			buildActionMask = 2147483647;
			files = (
			);
			runOnlyForDeploymentPostprocessing = 0;
		};
		4F56AF961DBAF08E00E396E7 /* Frameworks */ = {
			isa = PBXFrameworksBuildPhase;
			buildActionMask = 2147483647;
			files = (
			);
			runOnlyForDeploymentPostprocessing = 0;
		};
		4F56AFA11DBAF08E00E396E7 /* Frameworks */ = {
			isa = PBXFrameworksBuildPhase;
			buildActionMask = 2147483647;
			files = (
			);
			runOnlyForDeploymentPostprocessing = 0;
		};
		4F7ABE0D1DA83A9F0054AFA9 /* Frameworks */ = {
			isa = PBXFrameworksBuildPhase;
			buildActionMask = 2147483647;
			files = (
			);
			runOnlyForDeploymentPostprocessing = 0;
		};
		4F7ABE211DA83A9F0054AFA9 /* Frameworks */ = {
			isa = PBXFrameworksBuildPhase;
			buildActionMask = 2147483647;
			files = (
			);
			runOnlyForDeploymentPostprocessing = 0;
		};
		4F7ABE2C1DA83A9F0054AFA9 /* Frameworks */ = {
			isa = PBXFrameworksBuildPhase;
			buildActionMask = 2147483647;
			files = (
			);
			runOnlyForDeploymentPostprocessing = 0;
		};
/* End PBXFrameworksBuildPhase section */

/* Begin PBXGroup section */
		4F2F1F101DBA50FA00B80FE4 /* Frameworks */ = {
			isa = PBXGroup;
			children = (
				4F2F1F111DBA50FA00B80FE4 /* Metal.framework */,
				4F2F1F131DBA50FA00B80FE4 /* MetalKit.framework */,
				4F2F1F151DBA50FA00B80FE4 /* ModelIO.framework */,
			);
			name = Frameworks;
			sourceTree = "<group>";
		};
		4F2F1F461DBA510800B80FE4 /* Shared */ = {
			isa = PBXGroup;
			children = (
				4F7ABE1A1DA83A9F0054AFA9 /* Textures.xcassets */,
				4FBF51CC1DC02B6200444668 /* model_io.metal */,
				4F0C7E591DBE8431005F42C3 /* MeshModel.swift */,
				4F2353871DBAB5F10095DF5F /* RendererExtensions.swift */,
				4F2F1F8B1DBA599900B80FE4 /* EIArcball.swift */,
				4F2F1F8C1DBA599900B80FE4 /* EICamera.swift */,
				4F2F1F8F1DBA599900B80FE4 /* Math.swift */,
				4F2F1F901DBA599900B80FE4 /* MetallicModel.swift */,
				4F2F1F911DBA599900B80FE4 /* MetallicTransform.swift */,
				4F2F1F8D1DBA599900B80FE4 /* finalPass.metal */,
				4F2F1F8E1DBA599900B80FE4 /* hello.metal */,
				4F2F1F921DBA599900B80FE4 /* showST.metal */,
				4F2F1F931DBA599900B80FE4 /* texture.metal */,
			);
			name = Shared;
			sourceTree = "<group>";
		};
		4F2F1F4C1DBA538200B80FE4 /* HelloQuad */ = {
			isa = PBXGroup;
			children = (
				4F0911771DBBFA7400D252BF /* Quad.xcassets */,
				4F2F1F871DBA583A00B80FE4 /* AppDelegate.swift */,
				4F2F1F791DBA55B400B80FE4 /* HelloQuadMetalView.swift */,
				4F2F1F7A1DBA55B400B80FE4 /* HelloQuadRenderer.swift */,
				4F2F1F511DBA538300B80FE4 /* Main.storyboard */,
				4F2F1F561DBA538300B80FE4 /* LaunchScreen.storyboard */,
				4F2F1F591DBA538300B80FE4 /* Info.plist */,
			);
			path = HelloQuad;
			sourceTree = "<group>";
		};
		4F2F1F611DBA538300B80FE4 /* HelloQuadTests */ = {
			isa = PBXGroup;
			children = (
				4F2F1F621DBA538300B80FE4 /* HelloQuadTests.swift */,
				4F2F1F641DBA538300B80FE4 /* Info.plist */,
			);
			path = HelloQuadTests;
			sourceTree = "<group>";
		};
		4F2F1F6C1DBA538300B80FE4 /* HelloQuadUITests */ = {
			isa = PBXGroup;
			children = (
				4F2F1F6D1DBA538300B80FE4 /* HelloQuadUITests.swift */,
				4F2F1F6F1DBA538300B80FE4 /* Info.plist */,
			);
			path = HelloQuadUITests;
			sourceTree = "<group>";
		};
		4F56AF871DBAF08E00E396E7 /* HelloModel_IO */ = {
			isa = PBXGroup;
			children = (
				4F56AF8F1DBAF08E00E396E7 /* Model_IO.xcassets */,
				4FDB16741DBD658C0025465A /* HelloModel_IOMetalView.swift */,
				4FDB16751DBD658C0025465A /* HelloModel_IORenderer.swift */,
				4F56AF881DBAF08E00E396E7 /* AppDelegate.swift */,
				4F56AF8C1DBAF08E00E396E7 /* Main.storyboard */,
				4F56AF911DBAF08E00E396E7 /* LaunchScreen.storyboard */,
				4F56AF941DBAF08E00E396E7 /* Info.plist */,
			);
			path = HelloModel_IO;
			sourceTree = "<group>";
		};
		4F56AF9C1DBAF08E00E396E7 /* HelloModel_IOTests */ = {
			isa = PBXGroup;
			children = (
				4F56AF9D1DBAF08E00E396E7 /* HelloModel_IOTests.swift */,
				4F56AF9F1DBAF08E00E396E7 /* Info.plist */,
			);
			path = HelloModel_IOTests;
			sourceTree = "<group>";
		};
		4F56AFA71DBAF08E00E396E7 /* HelloModel_IOUITests */ = {
			isa = PBXGroup;
			children = (
				4F56AFA81DBAF08E00E396E7 /* HelloModel_IOUITests.swift */,
				4F56AFAA1DBAF08E00E396E7 /* Info.plist */,
			);
			path = HelloModel_IOUITests;
			sourceTree = "<group>";
		};
		4F7ABE071DA83A9F0054AFA9 = {
			isa = PBXGroup;
			children = (
				4F2F1F461DBA510800B80FE4 /* Shared */,
				4F2F1F4C1DBA538200B80FE4 /* HelloQuad */,
				4F7ABE121DA83A9F0054AFA9 /* HelloMultipass */,
				4F56AF871DBAF08E00E396E7 /* HelloModel_IO */,
				4F7ABE271DA83A9F0054AFA9 /* HelloMultipassTests */,
				4F7ABE321DA83A9F0054AFA9 /* HelloMultipassUITests */,
				4F2F1F611DBA538300B80FE4 /* HelloQuadTests */,
				4F2F1F6C1DBA538300B80FE4 /* HelloQuadUITests */,
				4F56AF9C1DBAF08E00E396E7 /* HelloModel_IOTests */,
				4F56AFA71DBAF08E00E396E7 /* HelloModel_IOUITests */,
				4F2F1F101DBA50FA00B80FE4 /* Frameworks */,
				4F7ABE111DA83A9F0054AFA9 /* Products */,
			);
			sourceTree = "<group>";
		};
		4F7ABE111DA83A9F0054AFA9 /* Products */ = {
			isa = PBXGroup;
			children = (
				4F7ABE101DA83A9F0054AFA9 /* HelloMultiPass.app */,
				4F7ABE241DA83A9F0054AFA9 /* HelloMetalTests.xctest */,
				4F7ABE2F1DA83A9F0054AFA9 /* HelloMetalUITests.xctest */,
				4F2F1F4B1DBA538200B80FE4 /* HelloQuad.app */,
				4F2F1F5E1DBA538300B80FE4 /* HelloQuadTests.xctest */,
				4F2F1F691DBA538300B80FE4 /* HelloQuadUITests.xctest */,
				4F56AF861DBAF08E00E396E7 /* HelloModel_IO.app */,
				4F56AF991DBAF08E00E396E7 /* HelloModel_IOTests.xctest */,
				4F56AFA41DBAF08E00E396E7 /* HelloModel_IOUITests.xctest */,
			);
			name = Products;
			sourceTree = "<group>";
		};
		4F7ABE121DA83A9F0054AFA9 /* HelloMultipass */ = {
			isa = PBXGroup;
			children = (
				4F0911751DBBFA4000D252BF /* Multipass.xcassets */,
				4F7ABE131DA83A9F0054AFA9 /* AppDelegate.swift */,
				4F7ABE471DA83C100054AFA9 /* MultipassMetalView.swift */,
				4F7ABE481DA83C100054AFA9 /* MultiPassRenderer.swift */,
				4F7ABE171DA83A9F0054AFA9 /* Main.storyboard */,
				4F7ABE1C1DA83A9F0054AFA9 /* LaunchScreen.storyboard */,
				4F7ABE1F1DA83A9F0054AFA9 /* Info.plist */,
			);
			name = HelloMultipass;
			path = HelloMetal;
			sourceTree = "<group>";
		};
		4F7ABE271DA83A9F0054AFA9 /* HelloMultipassTests */ = {
			isa = PBXGroup;
			children = (
				4F7ABE281DA83A9F0054AFA9 /* HelloMetalTests.swift */,
				4F7ABE2A1DA83A9F0054AFA9 /* Info.plist */,
			);
			name = HelloMultipassTests;
			path = HelloMetalTests;
			sourceTree = "<group>";
		};
		4F7ABE321DA83A9F0054AFA9 /* HelloMultipassUITests */ = {
			isa = PBXGroup;
			children = (
				4F7ABE331DA83A9F0054AFA9 /* HelloMetalUITests.swift */,
				4F7ABE351DA83A9F0054AFA9 /* Info.plist */,
			);
			name = HelloMultipassUITests;
			path = HelloMetalUITests;
			sourceTree = "<group>";
		};
/* End PBXGroup section */

/* Begin PBXNativeTarget section */
		4F2F1F4A1DBA538200B80FE4 /* HelloQuad */ = {
			isa = PBXNativeTarget;
			buildConfigurationList = 4F2F1F701DBA538300B80FE4 /* Build configuration list for PBXNativeTarget "HelloQuad" */;
			buildPhases = (
				4F2F1F471DBA538200B80FE4 /* Sources */,
				4F2F1F481DBA538200B80FE4 /* Frameworks */,
				4F2F1F491DBA538200B80FE4 /* Resources */,
			);
			buildRules = (
			);
			dependencies = (
			);
			name = HelloQuad;
			productName = HelloQuad;
			productReference = 4F2F1F4B1DBA538200B80FE4 /* HelloQuad.app */;
			productType = "com.apple.product-type.application";
		};
		4F2F1F5D1DBA538300B80FE4 /* HelloQuadTests */ = {
			isa = PBXNativeTarget;
			buildConfigurationList = 4F2F1F731DBA538300B80FE4 /* Build configuration list for PBXNativeTarget "HelloQuadTests" */;
			buildPhases = (
				4F2F1F5A1DBA538300B80FE4 /* Sources */,
				4F2F1F5B1DBA538300B80FE4 /* Frameworks */,
				4F2F1F5C1DBA538300B80FE4 /* Resources */,
			);
			buildRules = (
			);
			dependencies = (
				4F2F1F601DBA538300B80FE4 /* PBXTargetDependency */,
			);
			name = HelloQuadTests;
			productName = HelloQuadTests;
			productReference = 4F2F1F5E1DBA538300B80FE4 /* HelloQuadTests.xctest */;
			productType = "com.apple.product-type.bundle.unit-test";
		};
		4F2F1F681DBA538300B80FE4 /* HelloQuadUITests */ = {
			isa = PBXNativeTarget;
			buildConfigurationList = 4F2F1F761DBA538300B80FE4 /* Build configuration list for PBXNativeTarget "HelloQuadUITests" */;
			buildPhases = (
				4F2F1F651DBA538300B80FE4 /* Sources */,
				4F2F1F661DBA538300B80FE4 /* Frameworks */,
				4F2F1F671DBA538300B80FE4 /* Resources */,
			);
			buildRules = (
			);
			dependencies = (
				4F2F1F6B1DBA538300B80FE4 /* PBXTargetDependency */,
			);
			name = HelloQuadUITests;
			productName = HelloQuadUITests;
			productReference = 4F2F1F691DBA538300B80FE4 /* HelloQuadUITests.xctest */;
			productType = "com.apple.product-type.bundle.ui-testing";
		};
		4F56AF851DBAF08E00E396E7 /* HelloModel_IO */ = {
			isa = PBXNativeTarget;
			buildConfigurationList = 4F56AFB11DBAF08E00E396E7 /* Build configuration list for PBXNativeTarget "HelloModel_IO" */;
			buildPhases = (
				4F56AF821DBAF08E00E396E7 /* Sources */,
				4F56AF831DBAF08E00E396E7 /* Frameworks */,
				4F56AF841DBAF08E00E396E7 /* Resources */,
			);
			buildRules = (
			);
			dependencies = (
			);
			name = HelloModel_IO;
			productName = HelloModel_IO;
			productReference = 4F56AF861DBAF08E00E396E7 /* HelloModel_IO.app */;
			productType = "com.apple.product-type.application";
		};
		4F56AF981DBAF08E00E396E7 /* HelloModel_IOTests */ = {
			isa = PBXNativeTarget;
			buildConfigurationList = 4F56AFB21DBAF08E00E396E7 /* Build configuration list for PBXNativeTarget "HelloModel_IOTests" */;
			buildPhases = (
				4F56AF951DBAF08E00E396E7 /* Sources */,
				4F56AF961DBAF08E00E396E7 /* Frameworks */,
				4F56AF971DBAF08E00E396E7 /* Resources */,
			);
			buildRules = (
			);
			dependencies = (
				4F56AF9B1DBAF08E00E396E7 /* PBXTargetDependency */,
			);
			name = HelloModel_IOTests;
			productName = HelloModel_IOTests;
			productReference = 4F56AF991DBAF08E00E396E7 /* HelloModel_IOTests.xctest */;
			productType = "com.apple.product-type.bundle.unit-test";
		};
		4F56AFA31DBAF08E00E396E7 /* HelloModel_IOUITests */ = {
			isa = PBXNativeTarget;
			buildConfigurationList = 4F56AFB31DBAF08E00E396E7 /* Build configuration list for PBXNativeTarget "HelloModel_IOUITests" */;
			buildPhases = (
				4F56AFA01DBAF08E00E396E7 /* Sources */,
				4F56AFA11DBAF08E00E396E7 /* Frameworks */,
				4F56AFA21DBAF08E00E396E7 /* Resources */,
			);
			buildRules = (
			);
			dependencies = (
				4F56AFA61DBAF08E00E396E7 /* PBXTargetDependency */,
			);
			name = HelloModel_IOUITests;
			productName = HelloModel_IOUITests;
			productReference = 4F56AFA41DBAF08E00E396E7 /* HelloModel_IOUITests.xctest */;
			productType = "com.apple.product-type.bundle.ui-testing";
		};
		4F7ABE0F1DA83A9F0054AFA9 /* HelloMultiPass */ = {
			isa = PBXNativeTarget;
			buildConfigurationList = 4F7ABE381DA83A9F0054AFA9 /* Build configuration list for PBXNativeTarget "HelloMultiPass" */;
			buildPhases = (
				4F7ABE0C1DA83A9F0054AFA9 /* Sources */,
				4F7ABE0D1DA83A9F0054AFA9 /* Frameworks */,
				4F7ABE0E1DA83A9F0054AFA9 /* Resources */,
			);
			buildRules = (
			);
			dependencies = (
			);
			name = HelloMultiPass;
			productName = HelloMetal;
			productReference = 4F7ABE101DA83A9F0054AFA9 /* HelloMultiPass.app */;
			productType = "com.apple.product-type.application";
		};
		4F7ABE231DA83A9F0054AFA9 /* HelloMetalTests */ = {
			isa = PBXNativeTarget;
			buildConfigurationList = 4F7ABE3B1DA83A9F0054AFA9 /* Build configuration list for PBXNativeTarget "HelloMetalTests" */;
			buildPhases = (
				4F7ABE201DA83A9F0054AFA9 /* Sources */,
				4F7ABE211DA83A9F0054AFA9 /* Frameworks */,
				4F7ABE221DA83A9F0054AFA9 /* Resources */,
			);
			buildRules = (
			);
			dependencies = (
				4F7ABE261DA83A9F0054AFA9 /* PBXTargetDependency */,
			);
			name = HelloMetalTests;
			productName = HelloMetalTests;
			productReference = 4F7ABE241DA83A9F0054AFA9 /* HelloMetalTests.xctest */;
			productType = "com.apple.product-type.bundle.unit-test";
		};
		4F7ABE2E1DA83A9F0054AFA9 /* HelloMetalUITests */ = {
			isa = PBXNativeTarget;
			buildConfigurationList = 4F7ABE3E1DA83A9F0054AFA9 /* Build configuration list for PBXNativeTarget "HelloMetalUITests" */;
			buildPhases = (
				4F7ABE2B1DA83A9F0054AFA9 /* Sources */,
				4F7ABE2C1DA83A9F0054AFA9 /* Frameworks */,
				4F7ABE2D1DA83A9F0054AFA9 /* Resources */,
			);
			buildRules = (
			);
			dependencies = (
				4F7ABE311DA83A9F0054AFA9 /* PBXTargetDependency */,
			);
			name = HelloMetalUITests;
			productName = HelloMetalUITests;
			productReference = 4F7ABE2F1DA83A9F0054AFA9 /* HelloMetalUITests.xctest */;
			productType = "com.apple.product-type.bundle.ui-testing";
		};
/* End PBXNativeTarget section */

/* Begin PBXProject section */
		4F7ABE081DA83A9F0054AFA9 /* Project object */ = {
			isa = PBXProject;
			attributes = {
				LastSwiftUpdateCheck = 0800;
				LastUpgradeCheck = 0800;
				ORGANIZATIONNAME = "Elastic Image Software";
				TargetAttributes = {
					4F2F1F4A1DBA538200B80FE4 = {
						CreatedOnToolsVersion = 8.0;
						DevelopmentTeam = NCTVS5F8E2;
						LastSwiftMigration = 0800;
						ProvisioningStyle = Automatic;
					};
					4F2F1F5D1DBA538300B80FE4 = {
						CreatedOnToolsVersion = 8.0;
						DevelopmentTeam = NCTVS5F8E2;
						ProvisioningStyle = Automatic;
						TestTargetID = 4F2F1F4A1DBA538200B80FE4;
					};
					4F2F1F681DBA538300B80FE4 = {
						CreatedOnToolsVersion = 8.0;
						DevelopmentTeam = NCTVS5F8E2;
						ProvisioningStyle = Automatic;
						TestTargetID = 4F2F1F4A1DBA538200B80FE4;
					};
					4F56AF851DBAF08E00E396E7 = {
						CreatedOnToolsVersion = 8.0;
						DevelopmentTeam = NCTVS5F8E2;
						ProvisioningStyle = Automatic;
					};
					4F56AF981DBAF08E00E396E7 = {
						CreatedOnToolsVersion = 8.0;
						DevelopmentTeam = NCTVS5F8E2;
						ProvisioningStyle = Automatic;
						TestTargetID = 4F56AF851DBAF08E00E396E7;
					};
					4F56AFA31DBAF08E00E396E7 = {
						CreatedOnToolsVersion = 8.0;
						DevelopmentTeam = NCTVS5F8E2;
						ProvisioningStyle = Automatic;
						TestTargetID = 4F56AF851DBAF08E00E396E7;
					};
					4F7ABE0F1DA83A9F0054AFA9 = {
						CreatedOnToolsVersion = 8.0;
						DevelopmentTeam = NCTVS5F8E2;
						ProvisioningStyle = Automatic;
					};
					4F7ABE231DA83A9F0054AFA9 = {
						CreatedOnToolsVersion = 8.0;
						DevelopmentTeam = NCTVS5F8E2;
						ProvisioningStyle = Automatic;
						TestTargetID = 4F7ABE0F1DA83A9F0054AFA9;
					};
					4F7ABE2E1DA83A9F0054AFA9 = {
						CreatedOnToolsVersion = 8.0;
						DevelopmentTeam = NCTVS5F8E2;
						ProvisioningStyle = Automatic;
						TestTargetID = 4F7ABE0F1DA83A9F0054AFA9;
					};
				};
			};
			buildConfigurationList = 4F7ABE0B1DA83A9F0054AFA9 /* Build configuration list for PBXProject "HelloMetal" */;
			compatibilityVersion = "Xcode 3.2";
			developmentRegion = English;
			hasScannedForEncodings = 0;
			knownRegions = (
				en,
				Base,
			);
			mainGroup = 4F7ABE071DA83A9F0054AFA9;
			productRefGroup = 4F7ABE111DA83A9F0054AFA9 /* Products */;
			projectDirPath = "";
			projectRoot = "";
			targets = (
				4F2F1F4A1DBA538200B80FE4 /* HelloQuad */,
				4F7ABE0F1DA83A9F0054AFA9 /* HelloMultiPass */,
				4F56AF851DBAF08E00E396E7 /* HelloModel_IO */,
				4F7ABE231DA83A9F0054AFA9 /* HelloMetalTests */,
				4F7ABE2E1DA83A9F0054AFA9 /* HelloMetalUITests */,
				4F2F1F5D1DBA538300B80FE4 /* HelloQuadTests */,
				4F2F1F681DBA538300B80FE4 /* HelloQuadUITests */,
				4F56AF981DBAF08E00E396E7 /* HelloModel_IOTests */,
				4F56AFA31DBAF08E00E396E7 /* HelloModel_IOUITests */,
			);
		};
/* End PBXProject section */

/* Begin PBXResourcesBuildPhase section */
		4F2F1F491DBA538200B80FE4 /* Resources */ = {
			isa = PBXResourcesBuildPhase;
			buildActionMask = 2147483647;
			files = (
				4F0911791DBBFAB900D252BF /* Textures.xcassets in Resources */,
				4F0911781DBBFA7400D252BF /* Quad.xcassets in Resources */,
				4F2F1F581DBA538300B80FE4 /* LaunchScreen.storyboard in Resources */,
				4F2F1F531DBA538300B80FE4 /* Main.storyboard in Resources */,
			);
			runOnlyForDeploymentPostprocessing = 0;
		};
		4F2F1F5C1DBA538300B80FE4 /* Resources */ = {
			isa = PBXResourcesBuildPhase;
			buildActionMask = 2147483647;
			files = (
			);
			runOnlyForDeploymentPostprocessing = 0;
		};
		4F2F1F671DBA538300B80FE4 /* Resources */ = {
			isa = PBXResourcesBuildPhase;
			buildActionMask = 2147483647;
			files = (
			);
			runOnlyForDeploymentPostprocessing = 0;
		};
		4F56AF841DBAF08E00E396E7 /* Resources */ = {
			isa = PBXResourcesBuildPhase;
			buildActionMask = 2147483647;
			files = (
				4F09117A1DBBFB1400D252BF /* Textures.xcassets in Resources */,
				4F56AF901DBAF08E00E396E7 /* Model_IO.xcassets in Resources */,
				4F56AF931DBAF08E00E396E7 /* LaunchScreen.storyboard in Resources */,
				4F56AF8E1DBAF08E00E396E7 /* Main.storyboard in Resources */,
			);
			runOnlyForDeploymentPostprocessing = 0;
		};
		4F56AF971DBAF08E00E396E7 /* Resources */ = {
			isa = PBXResourcesBuildPhase;
			buildActionMask = 2147483647;
			files = (
			);
			runOnlyForDeploymentPostprocessing = 0;
		};
		4F56AFA21DBAF08E00E396E7 /* Resources */ = {
			isa = PBXResourcesBuildPhase;
			buildActionMask = 2147483647;
			files = (
			);
			runOnlyForDeploymentPostprocessing = 0;
		};
		4F7ABE0E1DA83A9F0054AFA9 /* Resources */ = {
			isa = PBXResourcesBuildPhase;
			buildActionMask = 2147483647;
			files = (
				4F0911761DBBFA4000D252BF /* Multipass.xcassets in Resources */,
				4F2F1FA81DBA5B1500B80FE4 /* Textures.xcassets in Resources */,
				4F7ABE1E1DA83A9F0054AFA9 /* LaunchScreen.storyboard in Resources */,
				4F7ABE191DA83A9F0054AFA9 /* Main.storyboard in Resources */,
			);
			runOnlyForDeploymentPostprocessing = 0;
		};
		4F7ABE221DA83A9F0054AFA9 /* Resources */ = {
			isa = PBXResourcesBuildPhase;
			buildActionMask = 2147483647;
			files = (
			);
			runOnlyForDeploymentPostprocessing = 0;
		};
		4F7ABE2D1DA83A9F0054AFA9 /* Resources */ = {
			isa = PBXResourcesBuildPhase;
			buildActionMask = 2147483647;
			files = (
			);
			runOnlyForDeploymentPostprocessing = 0;
		};
/* End PBXResourcesBuildPhase section */

/* Begin PBXSourcesBuildPhase section */
		4F2F1F471DBA538200B80FE4 /* Sources */ = {
			isa = PBXSourcesBuildPhase;
			buildActionMask = 2147483647;
			files = (
				4F2353891DBAE30B0095DF5F /* RendererExtensions.swift in Sources */,
				4F2F1F891DBA585E00B80FE4 /* AppDelegate.swift in Sources */,
				4F2F1F971DBA599900B80FE4 /* hello.metal in Sources */,
				4F2F1F941DBA599900B80FE4 /* EIArcball.swift in Sources */,
				4F2F1F991DBA599900B80FE4 /* MetallicModel.swift in Sources */,
				4F2F1F9B1DBA599900B80FE4 /* showST.metal in Sources */,
				4F2F1F7C1DBA55B400B80FE4 /* HelloQuadRenderer.swift in Sources */,
				4F2F1F9A1DBA599900B80FE4 /* MetallicTransform.swift in Sources */,
				4F2F1F961DBA599900B80FE4 /* finalPass.metal in Sources */,
				4F2F1F951DBA599900B80FE4 /* EICamera.swift in Sources */,
				4F0C7E5A1DBE8431005F42C3 /* MeshModel.swift in Sources */,
				4FBF51CD1DC02B6200444668 /* model_io.metal in Sources */,
				4F2F1F7B1DBA55B400B80FE4 /* HelloQuadMetalView.swift in Sources */,
				4F2F1F981DBA599900B80FE4 /* Math.swift in Sources */,
				4F2F1F9C1DBA599900B80FE4 /* texture.metal in Sources */,
			);
			runOnlyForDeploymentPostprocessing = 0;
		};
		4F2F1F5A1DBA538300B80FE4 /* Sources */ = {
			isa = PBXSourcesBuildPhase;
			buildActionMask = 2147483647;
			files = (
				4F2F1F631DBA538300B80FE4 /* HelloQuadTests.swift in Sources */,
			);
			runOnlyForDeploymentPostprocessing = 0;
		};
		4F2F1F651DBA538300B80FE4 /* Sources */ = {
			isa = PBXSourcesBuildPhase;
			buildActionMask = 2147483647;
			files = (
				4F2F1F6E1DBA538300B80FE4 /* HelloQuadUITests.swift in Sources */,
			);
			runOnlyForDeploymentPostprocessing = 0;
		};
		4F56AF821DBAF08E00E396E7 /* Sources */ = {
			isa = PBXSourcesBuildPhase;
			buildActionMask = 2147483647;
			files = (
				4FBF51CE1DC02B9300444668 /* model_io.metal in Sources */,
				4F0C7E5B1DBE8518005F42C3 /* MeshModel.swift in Sources */,
				4FDB16781DBD66BA0025465A /* RendererExtensions.swift in Sources */,
				4FDB16791DBD66BA0025465A /* EIArcball.swift in Sources */,
				4FDB167A1DBD66BA0025465A /* EICamera.swift in Sources */,
				4FDB167B1DBD66BA0025465A /* Math.swift in Sources */,
				4FDB167C1DBD66BA0025465A /* MetallicModel.swift in Sources */,
				4FDB167D1DBD66BA0025465A /* MetallicTransform.swift in Sources */,
				4FDB167E1DBD66BA0025465A /* finalPass.metal in Sources */,
				4FDB167F1DBD66BA0025465A /* hello.metal in Sources */,
				4FDB16801DBD66BA0025465A /* showST.metal in Sources */,
				4FDB16811DBD66BA0025465A /* texture.metal in Sources */,
				4FDB16771DBD658C0025465A /* HelloModel_IORenderer.swift in Sources */,
				4FDB16761DBD658C0025465A /* HelloModel_IOMetalView.swift in Sources */,
				4F56AF891DBAF08E00E396E7 /* AppDelegate.swift in Sources */,
			);
			runOnlyForDeploymentPostprocessing = 0;
		};
		4F56AF951DBAF08E00E396E7 /* Sources */ = {
			isa = PBXSourcesBuildPhase;
			buildActionMask = 2147483647;
			files = (
				4F56AF9E1DBAF08E00E396E7 /* HelloModel_IOTests.swift in Sources */,
			);
			runOnlyForDeploymentPostprocessing = 0;
		};
		4F56AFA01DBAF08E00E396E7 /* Sources */ = {
			isa = PBXSourcesBuildPhase;
			buildActionMask = 2147483647;
			files = (
				4F56AFA91DBAF08E00E396E7 /* HelloModel_IOUITests.swift in Sources */,
			);
			runOnlyForDeploymentPostprocessing = 0;
		};
		4F7ABE0C1DA83A9F0054AFA9 /* Sources */ = {
			isa = PBXSourcesBuildPhase;
			buildActionMask = 2147483647;
			files = (
				4F2F1F9D1DBA59C500B80FE4 /* EIArcball.swift in Sources */,
				4F2F1F9E1DBA59C500B80FE4 /* EICamera.swift in Sources */,
				4F2F1F9F1DBA59C500B80FE4 /* finalPass.metal in Sources */,
				4F2F1FA01DBA59C500B80FE4 /* hello.metal in Sources */,
				4F2F1FA11DBA59C500B80FE4 /* Math.swift in Sources */,
				4F2F1FA21DBA59C500B80FE4 /* MetallicModel.swift in Sources */,
				4F2F1FA31DBA59C500B80FE4 /* MetallicTransform.swift in Sources */,
				4F2353881DBAB5F10095DF5F /* RendererExtensions.swift in Sources */,
				4F2F1FA41DBA59C500B80FE4 /* showST.metal in Sources */,
				4F2F1FA51DBA59C500B80FE4 /* texture.metal in Sources */,
				4F2F1F8A1DBA587000B80FE4 /* AppDelegate.swift in Sources */,
				4F7ABE4F1DA83C100054AFA9 /* MultipassMetalView.swift in Sources */,
				4F7ABE501DA83C100054AFA9 /* MultiPassRenderer.swift in Sources */,
			);
			runOnlyForDeploymentPostprocessing = 0;
		};
		4F7ABE201DA83A9F0054AFA9 /* Sources */ = {
			isa = PBXSourcesBuildPhase;
			buildActionMask = 2147483647;
			files = (
				4F7ABE291DA83A9F0054AFA9 /* HelloMetalTests.swift in Sources */,
			);
			runOnlyForDeploymentPostprocessing = 0;
		};
		4F7ABE2B1DA83A9F0054AFA9 /* Sources */ = {
			isa = PBXSourcesBuildPhase;
			buildActionMask = 2147483647;
			files = (
				4F7ABE341DA83A9F0054AFA9 /* HelloMetalUITests.swift in Sources */,
			);
			runOnlyForDeploymentPostprocessing = 0;
		};
/* End PBXSourcesBuildPhase section */

/* Begin PBXTargetDependency section */
		4F2F1F601DBA538300B80FE4 /* PBXTargetDependency */ = {
			isa = PBXTargetDependency;
			target = 4F2F1F4A1DBA538200B80FE4 /* HelloQuad */;
			targetProxy = 4F2F1F5F1DBA538300B80FE4 /* PBXContainerItemProxy */;
		};
		4F2F1F6B1DBA538300B80FE4 /* PBXTargetDependency */ = {
			isa = PBXTargetDependency;
			target = 4F2F1F4A1DBA538200B80FE4 /* HelloQuad */;
			targetProxy = 4F2F1F6A1DBA538300B80FE4 /* PBXContainerItemProxy */;
		};
		4F56AF9B1DBAF08E00E396E7 /* PBXTargetDependency */ = {
			isa = PBXTargetDependency;
			target = 4F56AF851DBAF08E00E396E7 /* HelloModel_IO */;
			targetProxy = 4F56AF9A1DBAF08E00E396E7 /* PBXContainerItemProxy */;
		};
		4F56AFA61DBAF08E00E396E7 /* PBXTargetDependency */ = {
			isa = PBXTargetDependency;
			target = 4F56AF851DBAF08E00E396E7 /* HelloModel_IO */;
			targetProxy = 4F56AFA51DBAF08E00E396E7 /* PBXContainerItemProxy */;
		};
		4F7ABE261DA83A9F0054AFA9 /* PBXTargetDependency */ = {
			isa = PBXTargetDependency;
			target = 4F7ABE0F1DA83A9F0054AFA9 /* HelloMultiPass */;
			targetProxy = 4F7ABE251DA83A9F0054AFA9 /* PBXContainerItemProxy */;
		};
		4F7ABE311DA83A9F0054AFA9 /* PBXTargetDependency */ = {
			isa = PBXTargetDependency;
			target = 4F7ABE0F1DA83A9F0054AFA9 /* HelloMultiPass */;
			targetProxy = 4F7ABE301DA83A9F0054AFA9 /* PBXContainerItemProxy */;
		};
/* End PBXTargetDependency section */

/* Begin PBXVariantGroup section */
		4F2F1F511DBA538300B80FE4 /* Main.storyboard */ = {
			isa = PBXVariantGroup;
			children = (
				4F2F1F521DBA538300B80FE4 /* Base */,
			);
			name = Main.storyboard;
			sourceTree = "<group>";
		};
		4F2F1F561DBA538300B80FE4 /* LaunchScreen.storyboard */ = {
			isa = PBXVariantGroup;
			children = (
				4F2F1F571DBA538300B80FE4 /* Base */,
			);
			name = LaunchScreen.storyboard;
			sourceTree = "<group>";
		};
		4F56AF8C1DBAF08E00E396E7 /* Main.storyboard */ = {
			isa = PBXVariantGroup;
			children = (
				4F56AF8D1DBAF08E00E396E7 /* Base */,
			);
			name = Main.storyboard;
			sourceTree = "<group>";
		};
		4F56AF911DBAF08E00E396E7 /* LaunchScreen.storyboard */ = {
			isa = PBXVariantGroup;
			children = (
				4F56AF921DBAF08E00E396E7 /* Base */,
			);
			name = LaunchScreen.storyboard;
			sourceTree = "<group>";
		};
		4F7ABE171DA83A9F0054AFA9 /* Main.storyboard */ = {
			isa = PBXVariantGroup;
			children = (
				4F7ABE181DA83A9F0054AFA9 /* Base */,
			);
			name = Main.storyboard;
			sourceTree = "<group>";
		};
		4F7ABE1C1DA83A9F0054AFA9 /* LaunchScreen.storyboard */ = {
			isa = PBXVariantGroup;
			children = (
				4F7ABE1D1DA83A9F0054AFA9 /* Base */,
			);
			name = LaunchScreen.storyboard;
			sourceTree = "<group>";
		};
/* End PBXVariantGroup section */

/* Begin XCBuildConfiguration section */
		4F2F1F711DBA538300B80FE4 /* Debug */ = {
			isa = XCBuildConfiguration;
			buildSettings = {
				ASSETCATALOG_COMPILER_APPICON_NAME = AppIcon;
				CLANG_ENABLE_MODULES = YES;
				DEVELOPMENT_TEAM = NCTVS5F8E2;
				INFOPLIST_FILE = HelloQuad/Info.plist;
				LD_RUNPATH_SEARCH_PATHS = "$(inherited) @executable_path/Frameworks";
				PRODUCT_BUNDLE_IDENTIFIER = com.elasticimagesoftware.HelloQuad;
				PRODUCT_NAME = "$(TARGET_NAME)";
				SWIFT_OPTIMIZATION_LEVEL = "-Onone";
				SWIFT_VERSION = 3.0;
			};
			name = Debug;
		};
		4F2F1F721DBA538300B80FE4 /* Release */ = {
			isa = XCBuildConfiguration;
			buildSettings = {
				ASSETCATALOG_COMPILER_APPICON_NAME = AppIcon;
				CLANG_ENABLE_MODULES = YES;
				DEVELOPMENT_TEAM = NCTVS5F8E2;
				INFOPLIST_FILE = HelloQuad/Info.plist;
				LD_RUNPATH_SEARCH_PATHS = "$(inherited) @executable_path/Frameworks";
				PRODUCT_BUNDLE_IDENTIFIER = com.elasticimagesoftware.HelloQuad;
				PRODUCT_NAME = "$(TARGET_NAME)";
				SWIFT_VERSION = 3.0;
			};
			name = Release;
		};
		4F2F1F741DBA538300B80FE4 /* Debug */ = {
			isa = XCBuildConfiguration;
			buildSettings = {
				ALWAYS_EMBED_SWIFT_STANDARD_LIBRARIES = YES;
				BUNDLE_LOADER = "$(TEST_HOST)";
				DEVELOPMENT_TEAM = NCTVS5F8E2;
				INFOPLIST_FILE = HelloQuadTests/Info.plist;
				LD_RUNPATH_SEARCH_PATHS = "$(inherited) @executable_path/Frameworks @loader_path/Frameworks";
				PRODUCT_BUNDLE_IDENTIFIER = com.elasticimagesoftware.HelloQuadTests;
				PRODUCT_NAME = "$(TARGET_NAME)";
				SWIFT_VERSION = 3.0;
				TEST_HOST = "$(BUILT_PRODUCTS_DIR)/HelloQuad.app/HelloQuad";
			};
			name = Debug;
		};
		4F2F1F751DBA538300B80FE4 /* Release */ = {
			isa = XCBuildConfiguration;
			buildSettings = {
				ALWAYS_EMBED_SWIFT_STANDARD_LIBRARIES = YES;
				BUNDLE_LOADER = "$(TEST_HOST)";
				DEVELOPMENT_TEAM = NCTVS5F8E2;
				INFOPLIST_FILE = HelloQuadTests/Info.plist;
				LD_RUNPATH_SEARCH_PATHS = "$(inherited) @executable_path/Frameworks @loader_path/Frameworks";
				PRODUCT_BUNDLE_IDENTIFIER = com.elasticimagesoftware.HelloQuadTests;
				PRODUCT_NAME = "$(TARGET_NAME)";
				SWIFT_VERSION = 3.0;
				TEST_HOST = "$(BUILT_PRODUCTS_DIR)/HelloQuad.app/HelloQuad";
			};
			name = Release;
		};
		4F2F1F771DBA538300B80FE4 /* Debug */ = {
			isa = XCBuildConfiguration;
			buildSettings = {
				ALWAYS_EMBED_SWIFT_STANDARD_LIBRARIES = YES;
				DEVELOPMENT_TEAM = NCTVS5F8E2;
				INFOPLIST_FILE = HelloQuadUITests/Info.plist;
				LD_RUNPATH_SEARCH_PATHS = "$(inherited) @executable_path/Frameworks @loader_path/Frameworks";
				PRODUCT_BUNDLE_IDENTIFIER = com.elasticimagesoftware.HelloQuadUITests;
				PRODUCT_NAME = "$(TARGET_NAME)";
				SWIFT_VERSION = 3.0;
				TEST_TARGET_NAME = HelloQuad;
			};
			name = Debug;
		};
		4F2F1F781DBA538300B80FE4 /* Release */ = {
			isa = XCBuildConfiguration;
			buildSettings = {
				ALWAYS_EMBED_SWIFT_STANDARD_LIBRARIES = YES;
				DEVELOPMENT_TEAM = NCTVS5F8E2;
				INFOPLIST_FILE = HelloQuadUITests/Info.plist;
				LD_RUNPATH_SEARCH_PATHS = "$(inherited) @executable_path/Frameworks @loader_path/Frameworks";
				PRODUCT_BUNDLE_IDENTIFIER = com.elasticimagesoftware.HelloQuadUITests;
				PRODUCT_NAME = "$(TARGET_NAME)";
				SWIFT_VERSION = 3.0;
				TEST_TARGET_NAME = HelloQuad;
			};
			name = Release;
		};
		4F56AFAB1DBAF08E00E396E7 /* Debug */ = {
			isa = XCBuildConfiguration;
			buildSettings = {
				ASSETCATALOG_COMPILER_APPICON_NAME = AppIcon;
				DEVELOPMENT_TEAM = NCTVS5F8E2;
				INFOPLIST_FILE = HelloModel_IO/Info.plist;
				LD_RUNPATH_SEARCH_PATHS = "$(inherited) @executable_path/Frameworks";
				PRODUCT_BUNDLE_IDENTIFIER = "com.elasticimagesoftware.HelloModel-IO";
				PRODUCT_NAME = "$(TARGET_NAME)";
				SWIFT_VERSION = 3.0;
			};
			name = Debug;
		};
		4F56AFAC1DBAF08E00E396E7 /* Release */ = {
			isa = XCBuildConfiguration;
			buildSettings = {
				ASSETCATALOG_COMPILER_APPICON_NAME = AppIcon;
				DEVELOPMENT_TEAM = NCTVS5F8E2;
				INFOPLIST_FILE = HelloModel_IO/Info.plist;
				LD_RUNPATH_SEARCH_PATHS = "$(inherited) @executable_path/Frameworks";
				PRODUCT_BUNDLE_IDENTIFIER = "com.elasticimagesoftware.HelloModel-IO";
				PRODUCT_NAME = "$(TARGET_NAME)";
				SWIFT_VERSION = 3.0;
			};
			name = Release;
		};
		4F56AFAD1DBAF08E00E396E7 /* Debug */ = {
			isa = XCBuildConfiguration;
			buildSettings = {
				ALWAYS_EMBED_SWIFT_STANDARD_LIBRARIES = YES;
				BUNDLE_LOADER = "$(TEST_HOST)";
				DEVELOPMENT_TEAM = NCTVS5F8E2;
				INFOPLIST_FILE = HelloModel_IOTests/Info.plist;
				LD_RUNPATH_SEARCH_PATHS = "$(inherited) @executable_path/Frameworks @loader_path/Frameworks";
				PRODUCT_BUNDLE_IDENTIFIER = "com.elasticimagesoftware.HelloModel-IOTests";
				PRODUCT_NAME = "$(TARGET_NAME)";
				SWIFT_VERSION = 3.0;
				TEST_HOST = "$(BUILT_PRODUCTS_DIR)/HelloModel_IO.app/HelloModel_IO";
			};
			name = Debug;
		};
		4F56AFAE1DBAF08E00E396E7 /* Release */ = {
			isa = XCBuildConfiguration;
			buildSettings = {
				ALWAYS_EMBED_SWIFT_STANDARD_LIBRARIES = YES;
				BUNDLE_LOADER = "$(TEST_HOST)";
				DEVELOPMENT_TEAM = NCTVS5F8E2;
				INFOPLIST_FILE = HelloModel_IOTests/Info.plist;
				LD_RUNPATH_SEARCH_PATHS = "$(inherited) @executable_path/Frameworks @loader_path/Frameworks";
				PRODUCT_BUNDLE_IDENTIFIER = "com.elasticimagesoftware.HelloModel-IOTests";
				PRODUCT_NAME = "$(TARGET_NAME)";
				SWIFT_VERSION = 3.0;
				TEST_HOST = "$(BUILT_PRODUCTS_DIR)/HelloModel_IO.app/HelloModel_IO";
			};
			name = Release;
		};
		4F56AFAF1DBAF08E00E396E7 /* Debug */ = {
			isa = XCBuildConfiguration;
			buildSettings = {
				ALWAYS_EMBED_SWIFT_STANDARD_LIBRARIES = YES;
				DEVELOPMENT_TEAM = NCTVS5F8E2;
				INFOPLIST_FILE = HelloModel_IOUITests/Info.plist;
				LD_RUNPATH_SEARCH_PATHS = "$(inherited) @executable_path/Frameworks @loader_path/Frameworks";
				PRODUCT_BUNDLE_IDENTIFIER = "com.elasticimagesoftware.HelloModel-IOUITests";
				PRODUCT_NAME = "$(TARGET_NAME)";
				SWIFT_VERSION = 3.0;
				TEST_TARGET_NAME = HelloModel_IO;
			};
			name = Debug;
		};
		4F56AFB01DBAF08E00E396E7 /* Release */ = {
			isa = XCBuildConfiguration;
			buildSettings = {
				ALWAYS_EMBED_SWIFT_STANDARD_LIBRARIES = YES;
				DEVELOPMENT_TEAM = NCTVS5F8E2;
				INFOPLIST_FILE = HelloModel_IOUITests/Info.plist;
				LD_RUNPATH_SEARCH_PATHS = "$(inherited) @executable_path/Frameworks @loader_path/Frameworks";
				PRODUCT_BUNDLE_IDENTIFIER = "com.elasticimagesoftware.HelloModel-IOUITests";
				PRODUCT_NAME = "$(TARGET_NAME)";
				SWIFT_VERSION = 3.0;
				TEST_TARGET_NAME = HelloModel_IO;
			};
			name = Release;
		};
		4F7ABE361DA83A9F0054AFA9 /* Debug */ = {
			isa = XCBuildConfiguration;
			buildSettings = {
				ALWAYS_SEARCH_USER_PATHS = NO;
				CLANG_ANALYZER_NONNULL = YES;
				CLANG_CXX_LANGUAGE_STANDARD = "gnu++0x";
				CLANG_CXX_LIBRARY = "libc++";
				CLANG_ENABLE_MODULES = YES;
				CLANG_ENABLE_OBJC_ARC = YES;
				CLANG_WARN_BOOL_CONVERSION = YES;
				CLANG_WARN_CONSTANT_CONVERSION = YES;
				CLANG_WARN_DIRECT_OBJC_ISA_USAGE = YES_ERROR;
				CLANG_WARN_DOCUMENTATION_COMMENTS = YES;
				CLANG_WARN_EMPTY_BODY = YES;
				CLANG_WARN_ENUM_CONVERSION = YES;
				CLANG_WARN_INFINITE_RECURSION = YES;
				CLANG_WARN_INT_CONVERSION = YES;
				CLANG_WARN_OBJC_ROOT_CLASS = YES_ERROR;
				CLANG_WARN_SUSPICIOUS_MOVES = YES;
				CLANG_WARN_UNREACHABLE_CODE = YES;
				CLANG_WARN__DUPLICATE_METHOD_MATCH = YES;
				"CODE_SIGN_IDENTITY[sdk=iphoneos*]" = "iPhone Developer";
				COPY_PHASE_STRIP = NO;
				DEBUG_INFORMATION_FORMAT = dwarf;
				ENABLE_STRICT_OBJC_MSGSEND = YES;
				ENABLE_TESTABILITY = YES;
				GCC_C_LANGUAGE_STANDARD = gnu99;
				GCC_DYNAMIC_NO_PIC = NO;
				GCC_NO_COMMON_BLOCKS = YES;
				GCC_OPTIMIZATION_LEVEL = 0;
				GCC_PREPROCESSOR_DEFINITIONS = (
					"DEBUG=1",
					"$(inherited)",
				);
				GCC_WARN_64_TO_32_BIT_CONVERSION = YES;
				GCC_WARN_ABOUT_RETURN_TYPE = YES_ERROR;
				GCC_WARN_UNDECLARED_SELECTOR = YES;
				GCC_WARN_UNINITIALIZED_AUTOS = YES_AGGRESSIVE;
				GCC_WARN_UNUSED_FUNCTION = YES;
				GCC_WARN_UNUSED_VARIABLE = YES;
				IPHONEOS_DEPLOYMENT_TARGET = 10.0;
				MTL_ENABLE_DEBUG_INFO = YES;
				ONLY_ACTIVE_ARCH = YES;
				SDKROOT = iphoneos;
				SWIFT_ACTIVE_COMPILATION_CONDITIONS = DEBUG;
				SWIFT_OPTIMIZATION_LEVEL = "-Onone";
				TARGETED_DEVICE_FAMILY = "1,2";
			};
			name = Debug;
		};
		4F7ABE371DA83A9F0054AFA9 /* Release */ = {
			isa = XCBuildConfiguration;
			buildSettings = {
				ALWAYS_SEARCH_USER_PATHS = NO;
				CLANG_ANALYZER_NONNULL = YES;
				CLANG_CXX_LANGUAGE_STANDARD = "gnu++0x";
				CLANG_CXX_LIBRARY = "libc++";
				CLANG_ENABLE_MODULES = YES;
				CLANG_ENABLE_OBJC_ARC = YES;
				CLANG_WARN_BOOL_CONVERSION = YES;
				CLANG_WARN_CONSTANT_CONVERSION = YES;
				CLANG_WARN_DIRECT_OBJC_ISA_USAGE = YES_ERROR;
				CLANG_WARN_DOCUMENTATION_COMMENTS = YES;
				CLANG_WARN_EMPTY_BODY = YES;
				CLANG_WARN_ENUM_CONVERSION = YES;
				CLANG_WARN_INFINITE_RECURSION = YES;
				CLANG_WARN_INT_CONVERSION = YES;
				CLANG_WARN_OBJC_ROOT_CLASS = YES_ERROR;
				CLANG_WARN_SUSPICIOUS_MOVES = YES;
				CLANG_WARN_UNREACHABLE_CODE = YES;
				CLANG_WARN__DUPLICATE_METHOD_MATCH = YES;
				"CODE_SIGN_IDENTITY[sdk=iphoneos*]" = "iPhone Developer";
				COPY_PHASE_STRIP = NO;
				DEBUG_INFORMATION_FORMAT = "dwarf-with-dsym";
				ENABLE_NS_ASSERTIONS = NO;
				ENABLE_STRICT_OBJC_MSGSEND = YES;
				GCC_C_LANGUAGE_STANDARD = gnu99;
				GCC_NO_COMMON_BLOCKS = YES;
				GCC_WARN_64_TO_32_BIT_CONVERSION = YES;
				GCC_WARN_ABOUT_RETURN_TYPE = YES_ERROR;
				GCC_WARN_UNDECLARED_SELECTOR = YES;
				GCC_WARN_UNINITIALIZED_AUTOS = YES_AGGRESSIVE;
				GCC_WARN_UNUSED_FUNCTION = YES;
				GCC_WARN_UNUSED_VARIABLE = YES;
				IPHONEOS_DEPLOYMENT_TARGET = 10.0;
				MTL_ENABLE_DEBUG_INFO = NO;
				SDKROOT = iphoneos;
				SWIFT_OPTIMIZATION_LEVEL = "-Owholemodule";
				TARGETED_DEVICE_FAMILY = "1,2";
				VALIDATE_PRODUCT = YES;
			};
			name = Release;
		};
		4F7ABE391DA83A9F0054AFA9 /* Debug */ = {
			isa = XCBuildConfiguration;
			buildSettings = {
				ASSETCATALOG_COMPILER_APPICON_NAME = AppIcon;
				DEVELOPMENT_TEAM = NCTVS5F8E2;
				INFOPLIST_FILE = HelloMetal/Info.plist;
				LD_RUNPATH_SEARCH_PATHS = "$(inherited) @executable_path/Frameworks";
				PRODUCT_BUNDLE_IDENTIFIER = com.elasticimagesoftware.HelloMetal;
				PRODUCT_NAME = "$(TARGET_NAME)";
				SWIFT_VERSION = 3.0;
			};
			name = Debug;
		};
		4F7ABE3A1DA83A9F0054AFA9 /* Release */ = {
			isa = XCBuildConfiguration;
			buildSettings = {
				ASSETCATALOG_COMPILER_APPICON_NAME = AppIcon;
				DEVELOPMENT_TEAM = NCTVS5F8E2;
				INFOPLIST_FILE = HelloMetal/Info.plist;
				LD_RUNPATH_SEARCH_PATHS = "$(inherited) @executable_path/Frameworks";
				PRODUCT_BUNDLE_IDENTIFIER = com.elasticimagesoftware.HelloMetal;
				PRODUCT_NAME = "$(TARGET_NAME)";
				SWIFT_VERSION = 3.0;
			};
			name = Release;
		};
		4F7ABE3C1DA83A9F0054AFA9 /* Debug */ = {
			isa = XCBuildConfiguration;
			buildSettings = {
				ALWAYS_EMBED_SWIFT_STANDARD_LIBRARIES = YES;
				BUNDLE_LOADER = "$(TEST_HOST)";
				DEVELOPMENT_TEAM = NCTVS5F8E2;
				INFOPLIST_FILE = HelloMetalTests/Info.plist;
				LD_RUNPATH_SEARCH_PATHS = "$(inherited) @executable_path/Frameworks @loader_path/Frameworks";
				PRODUCT_BUNDLE_IDENTIFIER = com.elasticimagesoftware.HelloMetalTests;
				PRODUCT_NAME = "$(TARGET_NAME)";
				SWIFT_VERSION = 3.0;
				TEST_HOST = "$(BUILT_PRODUCTS_DIR)/HelloMetal.app/HelloMetal";
			};
			name = Debug;
		};
		4F7ABE3D1DA83A9F0054AFA9 /* Release */ = {
			isa = XCBuildConfiguration;
			buildSettings = {
				ALWAYS_EMBED_SWIFT_STANDARD_LIBRARIES = YES;
				BUNDLE_LOADER = "$(TEST_HOST)";
				DEVELOPMENT_TEAM = NCTVS5F8E2;
				INFOPLIST_FILE = HelloMetalTests/Info.plist;
				LD_RUNPATH_SEARCH_PATHS = "$(inherited) @executable_path/Frameworks @loader_path/Frameworks";
				PRODUCT_BUNDLE_IDENTIFIER = com.elasticimagesoftware.HelloMetalTests;
				PRODUCT_NAME = "$(TARGET_NAME)";
				SWIFT_VERSION = 3.0;
				TEST_HOST = "$(BUILT_PRODUCTS_DIR)/HelloMetal.app/HelloMetal";
			};
			name = Release;
		};
		4F7ABE3F1DA83A9F0054AFA9 /* Debug */ = {
			isa = XCBuildConfiguration;
			buildSettings = {
				ALWAYS_EMBED_SWIFT_STANDARD_LIBRARIES = YES;
				DEVELOPMENT_TEAM = NCTVS5F8E2;
				INFOPLIST_FILE = HelloMetalUITests/Info.plist;
				LD_RUNPATH_SEARCH_PATHS = "$(inherited) @executable_path/Frameworks @loader_path/Frameworks";
				PRODUCT_BUNDLE_IDENTIFIER = com.elasticimagesoftware.HelloMetalUITests;
				PRODUCT_NAME = "$(TARGET_NAME)";
				SWIFT_VERSION = 3.0;
				TEST_TARGET_NAME = HelloMetal;
			};
			name = Debug;
		};
		4F7ABE401DA83A9F0054AFA9 /* Release */ = {
			isa = XCBuildConfiguration;
			buildSettings = {
				ALWAYS_EMBED_SWIFT_STANDARD_LIBRARIES = YES;
				DEVELOPMENT_TEAM = NCTVS5F8E2;
				INFOPLIST_FILE = HelloMetalUITests/Info.plist;
				LD_RUNPATH_SEARCH_PATHS = "$(inherited) @executable_path/Frameworks @loader_path/Frameworks";
				PRODUCT_BUNDLE_IDENTIFIER = com.elasticimagesoftware.HelloMetalUITests;
				PRODUCT_NAME = "$(TARGET_NAME)";
				SWIFT_VERSION = 3.0;
				TEST_TARGET_NAME = HelloMetal;
			};
			name = Release;
		};
/* End XCBuildConfiguration section */

/* Begin XCConfigurationList section */
		4F2F1F701DBA538300B80FE4 /* Build configuration list for PBXNativeTarget "HelloQuad" */ = {
			isa = XCConfigurationList;
			buildConfigurations = (
				4F2F1F711DBA538300B80FE4 /* Debug */,
				4F2F1F721DBA538300B80FE4 /* Release */,
			);
			defaultConfigurationIsVisible = 0;
			defaultConfigurationName = Release;
		};
		4F2F1F731DBA538300B80FE4 /* Build configuration list for PBXNativeTarget "HelloQuadTests" */ = {
			isa = XCConfigurationList;
			buildConfigurations = (
				4F2F1F741DBA538300B80FE4 /* Debug */,
				4F2F1F751DBA538300B80FE4 /* Release */,
			);
			defaultConfigurationIsVisible = 0;
			defaultConfigurationName = Release;
		};
		4F2F1F761DBA538300B80FE4 /* Build configuration list for PBXNativeTarget "HelloQuadUITests" */ = {
			isa = XCConfigurationList;
			buildConfigurations = (
				4F2F1F771DBA538300B80FE4 /* Debug */,
				4F2F1F781DBA538300B80FE4 /* Release */,
			);
			defaultConfigurationIsVisible = 0;
			defaultConfigurationName = Release;
		};
		4F56AFB11DBAF08E00E396E7 /* Build configuration list for PBXNativeTarget "HelloModel_IO" */ = {
			isa = XCConfigurationList;
			buildConfigurations = (
				4F56AFAB1DBAF08E00E396E7 /* Debug */,
				4F56AFAC1DBAF08E00E396E7 /* Release */,
			);
			defaultConfigurationIsVisible = 0;
			defaultConfigurationName = Release;
		};
		4F56AFB21DBAF08E00E396E7 /* Build configuration list for PBXNativeTarget "HelloModel_IOTests" */ = {
			isa = XCConfigurationList;
			buildConfigurations = (
				4F56AFAD1DBAF08E00E396E7 /* Debug */,
				4F56AFAE1DBAF08E00E396E7 /* Release */,
			);
			defaultConfigurationIsVisible = 0;
			defaultConfigurationName = Release;
		};
		4F56AFB31DBAF08E00E396E7 /* Build configuration list for PBXNativeTarget "HelloModel_IOUITests" */ = {
			isa = XCConfigurationList;
			buildConfigurations = (
				4F56AFAF1DBAF08E00E396E7 /* Debug */,
				4F56AFB01DBAF08E00E396E7 /* Release */,
			);
			defaultConfigurationIsVisible = 0;
			defaultConfigurationName = Release;
		};
		4F7ABE0B1DA83A9F0054AFA9 /* Build configuration list for PBXProject "HelloMetal" */ = {
			isa = XCConfigurationList;
			buildConfigurations = (
				4F7ABE361DA83A9F0054AFA9 /* Debug */,
				4F7ABE371DA83A9F0054AFA9 /* Release */,
			);
			defaultConfigurationIsVisible = 0;
			defaultConfigurationName = Release;
		};
		4F7ABE381DA83A9F0054AFA9 /* Build configuration list for PBXNativeTarget "HelloMultiPass" */ = {
			isa = XCConfigurationList;
			buildConfigurations = (
				4F7ABE391DA83A9F0054AFA9 /* Debug */,
				4F7ABE3A1DA83A9F0054AFA9 /* Release */,
			);
			defaultConfigurationIsVisible = 0;
			defaultConfigurationName = Release;
		};
		4F7ABE3B1DA83A9F0054AFA9 /* Build configuration list for PBXNativeTarget "HelloMetalTests" */ = {
			isa = XCConfigurationList;
			buildConfigurations = (
				4F7ABE3C1DA83A9F0054AFA9 /* Debug */,
				4F7ABE3D1DA83A9F0054AFA9 /* Release */,
			);
			defaultConfigurationIsVisible = 0;
			defaultConfigurationName = Release;
		};
		4F7ABE3E1DA83A9F0054AFA9 /* Build configuration list for PBXNativeTarget "HelloMetalUITests" */ = {
			isa = XCConfigurationList;
			buildConfigurations = (
				4F7ABE3F1DA83A9F0054AFA9 /* Debug */,
				4F7ABE401DA83A9F0054AFA9 /* Release */,
			);
			defaultConfigurationIsVisible = 0;
			defaultConfigurationName = Release;
		};
/* End XCConfigurationList section */
	};
	rootObject = 4F7ABE081DA83A9F0054AFA9 /* Project object */;
}
